
Microsoft Visual Studio Solution File, Format Version 12.00
# Visual Studio Version 17
VisualStudioVersion = 17.3.32804.467
MinimumVisualStudioVersion = 10.0.40219.1
Project("{9A19103F-16F7-4668-BE54-9A1E7A4F7556}") = "BandaTocar.API", "BandaTocar.API\BandaTocar.API.csproj", "{762A26B5-CBB2-4167-8BA6-E0AB05B21133}"
EndProject
Project("{FAE04EC0-301F-11D3-BF4B-00C04F79EFBC}") = "BandaTocar.Domain", "BandaTocar.Domain\BandaTocar.Domain.csproj", "{65370CDE-BE79-4341-BF8B-3743053677DA}"
EndProject
Project("{FAE04EC0-301F-11D3-BF4B-00C04F79EFBC}") = "BandaTocar.DI", "BandaTocar.DI\BandaTocar.DI.csproj", "{42759940-4035-4D63-9071-49951F14192A}"
EndProject
Project("{FAE04EC0-301F-11D3-BF4B-00C04F79EFBC}") = "BandaTocar.Infra", "BandaTocar.Infra\BandaTocar.Infra.csproj", "{C340FF23-7304-4573-9A84-7EA8F1DB29E5}"
EndProject
Global
	GlobalSection(SolutionConfigurationPlatforms) = preSolution
		Debug|Any CPU = Debug|Any CPU
		Release|Any CPU = Release|Any CPU
	EndGlobalSection
	GlobalSection(ProjectConfigurationPlatforms) = postSolution
		{762A26B5-CBB2-4167-8BA6-E0AB05B21133}.Debug|Any CPU.ActiveCfg = Debug|Any CPU
		{762A26B5-CBB2-4167-8BA6-E0AB05B21133}.Debug|Any CPU.Build.0 = Debug|Any CPU
		{762A26B5-CBB2-4167-8BA6-E0AB05B21133}.Release|Any CPU.ActiveCfg = Release|Any CPU
		{762A26B5-CBB2-4167-8BA6-E0AB05B21133}.Release|Any CPU.Build.0 = Release|Any CPU
		{65370CDE-BE79-4341-BF8B-3743053677DA}.Debug|Any CPU.ActiveCfg = Debug|Any CPU
		{65370CDE-BE79-4341-BF8B-3743053677DA}.Debug|Any CPU.Build.0 = Debug|Any CPU
		{65370CDE-BE79-4341-BF8B-3743053677DA}.Release|Any CPU.ActiveCfg = Release|Any CPU
		{65370CDE-BE79-4341-BF8B-3743053677DA}.Release|Any CPU.Build.0 = Release|Any CPU
		{42759940-4035-4D63-9071-49951F14192A}.Debug|Any CPU.ActiveCfg = Debug|Any CPU
		{42759940-4035-4D63-9071-49951F14192A}.Debug|Any CPU.Build.0 = Debug|Any CPU
		{42759940-4035-4D63-9071-49951F14192A}.Release|Any CPU.ActiveCfg = Release|Any CPU
		{42759940-4035-4D63-9071-49951F14192A}.Release|Any CPU.Build.0 = Release|Any CPU
		{C340FF23-7304-4573-9A84-7EA8F1DB29E5}.Debug|Any CPU.ActiveCfg = Debug|Any CPU
		{C340FF23-7304-4573-9A84-7EA8F1DB29E5}.Debug|Any CPU.Build.0 = Debug|Any CPU
		{C340FF23-7304-4573-9A84-7EA8F1DB29E5}.Release|Any CPU.ActiveCfg = Release|Any CPU
		{C340FF23-7304-4573-9A84-7EA8F1DB29E5}.Release|Any CPU.Build.0 = Release|Any CPU
	EndGlobalSection
	GlobalSection(SolutionProperties) = preSolution
		HideSolutionNode = FALSE
	EndGlobalSection
	GlobalSection(ExtensibilityGlobals) = postSolution
		SolutionGuid = {588C4189-BD06-44E7-953F-01C642EEC11D}
	EndGlobalSection
EndGlobal
